{
  "nodes": {
    "disko": {
      "inputs": {
        "nixpkgs": "nixpkgs"
      },
      "locked": {
        "lastModified": 1732221404,
        "narHash": "sha256-fWTyjgGt+BHmkeJ5IxOR4zGF4/uc+ceWmhBjOBSVkgQ=",
        "owner": "nix-community",
        "repo": "disko",
        "rev": "97c0c4d7072f19b598ed332e9f7f8ad562c6885b",
        "type": "github"
      },
      "original": {
        "owner": "nix-community",
        "repo": "disko",
        "type": "github"
      }
    },
    "nixpkgs": {
      "locked": {
        "lastModified": 1731890469,
        "narHash": "sha256-D1FNZ70NmQEwNxpSSdTXCSklBH1z2isPR84J6DQrJGs=",
        "owner": "NixOS",
        "repo": "nixpkgs",
        "rev": "5083ec887760adfe12af64830a66807423a859a7",
        "type": "github"
      },
      "original": {
        "owner": "NixOS",
        "ref": "nixpkgs-unstable",
        "repo": "nixpkgs",
        "type": "github"
      }
    },
    "nixpkgs_2": {
      "locked": {
        "lastModified": 1732244845,
        "narHash": "sha256-aspop5sCDNpDMS23BplGFtQDadwkSb/sOxpuC3lafvo=",
        "owner": "NixOS",
        "repo": "nixpkgs",
        "rev": "df94f897ffe1af1bcd60cb68697c5d8e6431346e",
        "type": "github"
      },
      "original": {
        "owner": "NixOS",
        "ref": "release-24.05",
        "repo": "nixpkgs",
        "type": "github"
      }
    },
    "root": {
      "inputs": {
        "disko": "disko",
        "nixpkgs": "nixpkgs_2"
      }
    }
  },
  "root": "root",
  "version": 7
}
